# This file is autogenerated, do not edit; changes may be undone by the next 'dep ensure'.


[[projects]]
  name = "github.com/anthonynsimon/bild"
  packages = [
    "clone",
    "math/f64",
    "parallel",
    "transform"
  ]
  revision = "35fd1904d43f809ded0959922164885e25577aa2"
  version = "v0.10.0"

[[projects]]
  name = "github.com/matryer/is"
  packages = ["."]
  revision = "9c9f59466947e14647c98703d408d5d6d985648d"
  version = "v1.0.0"

[[projects]]
  branch = "master"
  name = "golang.org/x/crypto"
  packages = ["blake2b"]
  revision = "7f39a6fea4fe9364fb61e1def6a268a51b4f3a06"

[[projects]]
  branch = "master"
  name = "golang.org/x/sys"
  packages = ["cpu"]
  revision = "ad87a3a340fa7f3bed189293fbfa7a9b7e021ae1"

[solve-meta]
  analyzer-name = "dep"
  analyzer-version = 1
  inputs-digest = "199d92d6c5e3f3bef6c6f0547285429f90dfc21ac8138d63b77813e4a60aa7c1"
  solver-name = "gps-cdcl"
  solver-version = 1
